
Microsoft Visual Studio Solution File, Format Version 12.00
# Visual Studio 14
VisualStudioVersion = 14.0.25420.1
MinimumVisualStudioVersion = 10.0.40219.1
Project("{2150E333-8FDC-42A3-9474-1A3956D46DE8}") = "00Service", "00Service", "{01F4C676-0CEE-485B-B8DF-991B8F8C1B94}"
EndProject
Project("{2150E333-8FDC-42A3-9474-1A3956D46DE8}") = "01Web", "01Web", "{0EF0E729-6C0F-4684-89FD-D89CFA35AB2D}"
EndProject
Project("{2150E333-8FDC-42A3-9474-1A3956D46DE8}") = "03BaseLib", "03BaseLib", "{51A201A4-CB9E-4F1A-A22C-D10A28A7DB68}"
EndProject
Project("{2150E333-8FDC-42A3-9474-1A3956D46DE8}") = "04Tools", "04Tools", "{6D8D0983-06B6-42D9-AD3B-5D3C60BB0DAA}"
EndProject
Project("{FAE04EC0-301F-11D3-BF4B-00C04F79EFBC}") = "JXGIS.Common.BaseLib", "JXGIS.Common.BaseLib\JXGIS.Common.BaseLib.csproj", "{E7315AD3-0689-435F-AEA4-7B31C166FFAF}"
EndProject
Project("{FAE04EC0-301F-11D3-BF4B-00C04F79EFBC}") = "JXGIS.Common.Entity", "JXGIS.Common.Entity\JXGIS.Common.Entity.csproj", "{4C5247E6-87C1-46C3-AE9E-104657AB5404}"
EndProject
Project("{FAE04EC0-301F-11D3-BF4B-00C04F79EFBC}") = "JXGIS.Common.StaticLib", "JXGIS.Common.StaticLib\JXGIS.Common.StaticLib.csproj", "{5B837B83-9250-49E9-9AC4-87624AAED38D}"
EndProject
Project("{2150E333-8FDC-42A3-9474-1A3956D46DE8}") = "02Business", "02Business", "{62EE67F3-0291-4D2B-9B89-55D67702B103}"
EndProject
Project("{FAE04EC0-301F-11D3-BF4B-00C04F79EFBC}") = "JXGIS.TianDiTuThematicMaps.Web", "JXGIS.TianDiTuThematicMaps.Web\JXGIS.TianDiTuThematicMaps.Web.csproj", "{F233D175-0F5D-4CDE-BC62-2549DA8A4C8C}"
EndProject
Project("{FAE04EC0-301F-11D3-BF4B-00C04F79EFBC}") = "JXGIS.TianDiTuThematicMaps.Business", "JXGIS.TianDiTuThematicMaps.Business\JXGIS.TianDiTuThematicMaps.Business.csproj", "{464A4FC0-BFD7-4D25-A6CE-B06D04D84F75}"
EndProject
Project("{FAE04EC0-301F-11D3-BF4B-00C04F79EFBC}") = "JXGIS.Common.Test", "JXGIS.TianDiTuThematicMaps.Test\JXGIS.Common.Test.csproj", "{40B39337-BDFB-407D-B92E-107D7B3E087C}"
EndProject
Global
	GlobalSection(SolutionConfigurationPlatforms) = preSolution
		Debug|Any CPU = Debug|Any CPU
		Release|Any CPU = Release|Any CPU
	EndGlobalSection
	GlobalSection(ProjectConfigurationPlatforms) = postSolution
		{E7315AD3-0689-435F-AEA4-7B31C166FFAF}.Debug|Any CPU.ActiveCfg = Debug|Any CPU
		{E7315AD3-0689-435F-AEA4-7B31C166FFAF}.Debug|Any CPU.Build.0 = Debug|Any CPU
		{E7315AD3-0689-435F-AEA4-7B31C166FFAF}.Release|Any CPU.ActiveCfg = Release|Any CPU
		{E7315AD3-0689-435F-AEA4-7B31C166FFAF}.Release|Any CPU.Build.0 = Release|Any CPU
		{4C5247E6-87C1-46C3-AE9E-104657AB5404}.Debug|Any CPU.ActiveCfg = Debug|Any CPU
		{4C5247E6-87C1-46C3-AE9E-104657AB5404}.Debug|Any CPU.Build.0 = Debug|Any CPU
		{4C5247E6-87C1-46C3-AE9E-104657AB5404}.Release|Any CPU.ActiveCfg = Release|Any CPU
		{4C5247E6-87C1-46C3-AE9E-104657AB5404}.Release|Any CPU.Build.0 = Release|Any CPU
		{5B837B83-9250-49E9-9AC4-87624AAED38D}.Debug|Any CPU.ActiveCfg = Debug|Any CPU
		{5B837B83-9250-49E9-9AC4-87624AAED38D}.Debug|Any CPU.Build.0 = Debug|Any CPU
		{5B837B83-9250-49E9-9AC4-87624AAED38D}.Release|Any CPU.ActiveCfg = Release|Any CPU
		{5B837B83-9250-49E9-9AC4-87624AAED38D}.Release|Any CPU.Build.0 = Release|Any CPU
		{F233D175-0F5D-4CDE-BC62-2549DA8A4C8C}.Debug|Any CPU.ActiveCfg = Debug|Any CPU
		{F233D175-0F5D-4CDE-BC62-2549DA8A4C8C}.Debug|Any CPU.Build.0 = Debug|Any CPU
		{F233D175-0F5D-4CDE-BC62-2549DA8A4C8C}.Release|Any CPU.ActiveCfg = Release|Any CPU
		{F233D175-0F5D-4CDE-BC62-2549DA8A4C8C}.Release|Any CPU.Build.0 = Release|Any CPU
		{464A4FC0-BFD7-4D25-A6CE-B06D04D84F75}.Debug|Any CPU.ActiveCfg = Debug|Any CPU
		{464A4FC0-BFD7-4D25-A6CE-B06D04D84F75}.Debug|Any CPU.Build.0 = Debug|Any CPU
		{464A4FC0-BFD7-4D25-A6CE-B06D04D84F75}.Release|Any CPU.ActiveCfg = Release|Any CPU
		{464A4FC0-BFD7-4D25-A6CE-B06D04D84F75}.Release|Any CPU.Build.0 = Release|Any CPU
		{40B39337-BDFB-407D-B92E-107D7B3E087C}.Debug|Any CPU.ActiveCfg = Debug|Any CPU
		{40B39337-BDFB-407D-B92E-107D7B3E087C}.Debug|Any CPU.Build.0 = Debug|Any CPU
		{40B39337-BDFB-407D-B92E-107D7B3E087C}.Release|Any CPU.ActiveCfg = Release|Any CPU
		{40B39337-BDFB-407D-B92E-107D7B3E087C}.Release|Any CPU.Build.0 = Release|Any CPU
	EndGlobalSection
	GlobalSection(SolutionProperties) = preSolution
		HideSolutionNode = FALSE
	EndGlobalSection
	GlobalSection(NestedProjects) = preSolution
		{E7315AD3-0689-435F-AEA4-7B31C166FFAF} = {51A201A4-CB9E-4F1A-A22C-D10A28A7DB68}
		{4C5247E6-87C1-46C3-AE9E-104657AB5404} = {51A201A4-CB9E-4F1A-A22C-D10A28A7DB68}
		{5B837B83-9250-49E9-9AC4-87624AAED38D} = {51A201A4-CB9E-4F1A-A22C-D10A28A7DB68}
		{F233D175-0F5D-4CDE-BC62-2549DA8A4C8C} = {0EF0E729-6C0F-4684-89FD-D89CFA35AB2D}
		{464A4FC0-BFD7-4D25-A6CE-B06D04D84F75} = {62EE67F3-0291-4D2B-9B89-55D67702B103}
		{40B39337-BDFB-407D-B92E-107D7B3E087C} = {6D8D0983-06B6-42D9-AD3B-5D3C60BB0DAA}
	EndGlobalSection
EndGlobal
